<?xml version="1.0" encoding="utf-8"?>
<Project ToolsVersion="4.0" xmlns="http://schemas.microsoft.com/developer/msbuild/2003">
  <ItemGroup>
    <ClCompile Include="Camera.cpp" />
    <ClCompile Include="DirectionalLight.cpp" />
    <ClCompile Include="Fruit.cpp" />
    <ClCompile Include="Grid.cpp" />
    <ClCompile Include="Snake.cpp" />
    <ClCompile Include="SnakePart.cpp" />
    <ClCompile Include="src\main.cpp" />
    <ClCompile Include="TextRenderer.cpp" />
  </ItemGroup>
  <ItemGroup>
    <ClInclude Include="Camera.h" />
    <ClInclude Include="DirectionalLight.h" />
    <ClInclude Include="Fruit.h" />
    <ClInclude Include="Grid.h" />
    <ClInclude Include="Snake.h" />
    <ClInclude Include="SnakePart.h" />
    <ClInclude Include="src\stb_image.h" />
    <ClInclude Include="TextRenderer.h" />
  </ItemGroup>
  <ItemGroup>
    <Image Include="assets\banana.png" />
    <Image Include="assets\beer.png" />
    <Image Include="assets\brocoli.png" />
    <Image Include="assets\cherry.png" />
    <Image Include="assets\eggplant.png" />
    <Image Include="assets\grass.jpg" />
    <Image Include="assets\meat.png" />
    <Image Include="assets\orange.png" />
    <Image Include="assets\peach.png" />
    <Image Include="assets\pear.png" />
    <Image Include="assets\pineapple.png" />
    <Image Include="assets\robo.png" />
    <Image Include="assets\brick.jpg" />
    <Image Include="assets\brick_normal.jpg" />
    <Image Include="assets\snakeBody.png" />
  </ItemGroup>
  <ItemGroup>
    <Text Include="scores.txt" />
  </ItemGroup>
</Project>